Microsoft Visual Studio Solution File, Format Version 12.00
# Visual Studio Version 17
VisualStudioVersion = 17.5.2.0
MinimumVisualStudioVersion = 10.0.40219.1
Project("{FAE04EC0-301F-11D3-BF4B-00C04F79EFBC}") = "even-or-odd-task", "even-or-odd-task.csproj", "{2F2E41F2-DC2A-3A2D-A758-DA2C80F45A4A}"
EndProject
Global
	GlobalSection(SolutionConfigurationPlatforms) = preSolution
		Debug|Any CPU = Debug|Any CPU
		Release|Any CPU = Release|Any CPU
	EndGlobalSection
	GlobalSection(ProjectConfigurationPlatforms) = postSolution
		{2F2E41F2-DC2A-3A2D-A758-DA2C80F45A4A}.Debug|Any CPU.ActiveCfg = Debug|Any CPU
		{2F2E41F2-DC2A-3A2D-A758-DA2C80F45A4A}.Debug|Any CPU.Build.0 = Debug|Any CPU
		{2F2E41F2-DC2A-3A2D-A758-DA2C80F45A4A}.Release|Any CPU.ActiveCfg = Release|Any CPU
		{2F2E41F2-DC2A-3A2D-A758-DA2C80F45A4A}.Release|Any CPU.Build.0 = Release|Any CPU
	EndGlobalSection
	GlobalSection(SolutionProperties) = preSolution
		HideSolutionNode = FALSE
	EndGlobalSection
	GlobalSection(ExtensibilityGlobals) = postSolution
		SolutionGuid = {110DAE26-3051-400F-A1F1-85500D9C7429}
	EndGlobalSection
EndGlobal
