Microsoft Visual Studio Solution File, Format Version 12.00
# Visual Studio Version 17
VisualStudioVersion = 17.5.2.0
MinimumVisualStudioVersion = 10.0.40219.1
Project("{FAE04EC0-301F-11D3-BF4B-00C04F79EFBC}") = "card-picker", "card-picker.csproj", "{C0FD5CE6-AC9E-0D75-9A58-883709F9FAA3}"
EndProject
Global
	GlobalSection(SolutionConfigurationPlatforms) = preSolution
		Debug|Any CPU = Debug|Any CPU
		Release|Any CPU = Release|Any CPU
	EndGlobalSection
	GlobalSection(ProjectConfigurationPlatforms) = postSolution
		{C0FD5CE6-AC9E-0D75-9A58-883709F9FAA3}.Debug|Any CPU.ActiveCfg = Debug|Any CPU
		{C0FD5CE6-AC9E-0D75-9A58-883709F9FAA3}.Debug|Any CPU.Build.0 = Debug|Any CPU
		{C0FD5CE6-AC9E-0D75-9A58-883709F9FAA3}.Release|Any CPU.ActiveCfg = Release|Any CPU
		{C0FD5CE6-AC9E-0D75-9A58-883709F9FAA3}.Release|Any CPU.Build.0 = Release|Any CPU
	EndGlobalSection
	GlobalSection(SolutionProperties) = preSolution
		HideSolutionNode = FALSE
	EndGlobalSection
	GlobalSection(ExtensibilityGlobals) = postSolution
		SolutionGuid = {8FFBDDC8-B160-4C00-A3AD-5CA40AD291A8}
	EndGlobalSection
EndGlobal
