Microsoft Visual Studio Solution File, Format Version 12.00
# Visual Studio Version 17
VisualStudioVersion = 17.5.2.0
MinimumVisualStudioVersion = 10.0.40219.1
Project("{FAE04EC0-301F-11D3-BF4B-00C04F79EFBC}") = "mvc-learning", "mvc-learning.csproj", "{3DC0DF8E-CF73-DFEF-F3D8-B21F67012EFD}"
EndProject
Global
	GlobalSection(SolutionConfigurationPlatforms) = preSolution
		Debug|Any CPU = Debug|Any CPU
		Release|Any CPU = Release|Any CPU
	EndGlobalSection
	GlobalSection(ProjectConfigurationPlatforms) = postSolution
		{3DC0DF8E-CF73-DFEF-F3D8-B21F67012EFD}.Debug|Any CPU.ActiveCfg = Debug|Any CPU
		{3DC0DF8E-CF73-DFEF-F3D8-B21F67012EFD}.Debug|Any CPU.Build.0 = Debug|Any CPU
		{3DC0DF8E-CF73-DFEF-F3D8-B21F67012EFD}.Release|Any CPU.ActiveCfg = Release|Any CPU
		{3DC0DF8E-CF73-DFEF-F3D8-B21F67012EFD}.Release|Any CPU.Build.0 = Release|Any CPU
	EndGlobalSection
	GlobalSection(SolutionProperties) = preSolution
		HideSolutionNode = FALSE
	EndGlobalSection
	GlobalSection(ExtensibilityGlobals) = postSolution
		SolutionGuid = {2EE8AB8F-7E31-4D9B-9FFE-2AAF2B472191}
	EndGlobalSection
EndGlobal
